
Microsoft Visual Studio Solution File, Format Version 12.00
# Visual Studio Version 17
VisualStudioVersion = 17.8.34309.116
MinimumVisualStudioVersion = 10.0.40219.1
Project("{FAE04EC0-301F-11D3-BF4B-00C04F79EFBC}") = "VA 7", "VA 7\VA 7.csproj", "{67F3C955-160E-49BE-BE7F-A6E4B3B4D2C7}"
EndProject
Global
	GlobalSection(SolutionConfigurationPlatforms) = preSolution
		Debug|Any CPU = Debug|Any CPU
		Release|Any CPU = Release|Any CPU
	EndGlobalSection
	GlobalSection(ProjectConfigurationPlatforms) = postSolution
		{67F3C955-160E-49BE-BE7F-A6E4B3B4D2C7}.Debug|Any CPU.ActiveCfg = Debug|Any CPU
		{67F3C955-160E-49BE-BE7F-A6E4B3B4D2C7}.Debug|Any CPU.Build.0 = Debug|Any CPU
		{67F3C955-160E-49BE-BE7F-A6E4B3B4D2C7}.Release|Any CPU.ActiveCfg = Release|Any CPU
		{67F3C955-160E-49BE-BE7F-A6E4B3B4D2C7}.Release|Any CPU.Build.0 = Release|Any CPU
	EndGlobalSection
	GlobalSection(SolutionProperties) = preSolution
		HideSolutionNode = FALSE
	EndGlobalSection
	GlobalSection(ExtensibilityGlobals) = postSolution
		SolutionGuid = {A27CFE72-C849-43A0-A0ED-33CAF385A32C}
	EndGlobalSection
EndGlobal
